
Microsoft Visual Studio Solution File, Format Version 12.00
# Visual Studio Version 17
VisualStudioVersion = 17.6.33829.357
MinimumVisualStudioVersion = 10.0.40219.1
Project("{9A19103F-16F7-4668-BE54-9A1E7A4F7556}") = "POOIAula", "POOIAula\POOIAula.csproj", "{2E88A555-815B-49ED-9296-1851D47EF288}"
EndProject
Project("{FAE04EC0-301F-11D3-BF4B-00C04F79EFBC}") = "Academia", "Academia\Academia.csproj", "{C0703ECD-C26E-4686-9913-8C578587A610}"
EndProject
Global
	GlobalSection(SolutionConfigurationPlatforms) = preSolution
		Debug|Any CPU = Debug|Any CPU
		Release|Any CPU = Release|Any CPU
	EndGlobalSection
	GlobalSection(ProjectConfigurationPlatforms) = postSolution
		{2E88A555-815B-49ED-9296-1851D47EF288}.Debug|Any CPU.ActiveCfg = Debug|Any CPU
		{2E88A555-815B-49ED-9296-1851D47EF288}.Debug|Any CPU.Build.0 = Debug|Any CPU
		{2E88A555-815B-49ED-9296-1851D47EF288}.Release|Any CPU.ActiveCfg = Release|Any CPU
		{2E88A555-815B-49ED-9296-1851D47EF288}.Release|Any CPU.Build.0 = Release|Any CPU
		{C0703ECD-C26E-4686-9913-8C578587A610}.Debug|Any CPU.ActiveCfg = Debug|Any CPU
		{C0703ECD-C26E-4686-9913-8C578587A610}.Debug|Any CPU.Build.0 = Debug|Any CPU
		{C0703ECD-C26E-4686-9913-8C578587A610}.Release|Any CPU.ActiveCfg = Release|Any CPU
		{C0703ECD-C26E-4686-9913-8C578587A610}.Release|Any CPU.Build.0 = Release|Any CPU
	EndGlobalSection
	GlobalSection(SolutionProperties) = preSolution
		HideSolutionNode = FALSE
	EndGlobalSection
	GlobalSection(ExtensibilityGlobals) = postSolution
		SolutionGuid = {AD38911A-B9CE-4F3D-B04A-51895416953F}
	EndGlobalSection
EndGlobal
